agent: AGENT-2
wbs_id: WBS-003
timestamp_utc: 2025-11-29T03:20:00Z
host: Cursor-CLI
notes: "Lock acquired for WBS-003 authentication & authorization backend; scope: ops/locks/AGENT-2.lock, docs/data/auth/**, amplify/auth/**, amplify/backend/**, amplify/functions/**, amplify/types.ts, services/auth/**, services/core/**, tests/auth/**, tests/core/**, tests/python/**, docs/PROGRESS.md, docs/runs/**, docs/orchestrator/from-agents/**."
